<?xml version="1.0" encoding="utf-8"?>
<Project ToolsVersion="4.0" xmlns="http://schemas.microsoft.com/developer/msbuild/2003">
  <ItemGroup>
    <Filter Include="Source Files">
      <UniqueIdentifier>{4FC737F1-C7A5-4376-A066-2A32D752A2FF}</UniqueIdentifier>
      <Extensions>cpp;c;cc;cxx;c++;cppm;ixx;def;odl;idl;hpj;bat;asm;asmx</Extensions>
    </Filter>
    <Filter Include="Header Files">
      <UniqueIdentifier>{93995380-89BD-4b04-88EB-625FBE52EBFB}</UniqueIdentifier>
      <Extensions>h;hh;hpp;hxx;h++;hm;inl;inc;ipp;xsd</Extensions>
    </Filter>
    <Filter Include="Resource Files">
      <UniqueIdentifier>{67DA6AB6-F800-4c08-8B7A-83BB121AAD01}</UniqueIdentifier>
      <Extensions>rc;ico;cur;bmp;dlg;rc2;rct;bin;rgs;gif;jpg;jpeg;jpe;resx;tiff;tif;png;wav;mfcribbon-ms</Extensions>
    </Filter>
  </ItemGroup>
  <ItemGroup>
    <ClCompile Include="src\Main.cpp">
      <Filter>Source Files</Filter>
    </ClCompile>
    <ClCompile Include="src\App\Application.cpp">
      <Filter>Source Files</Filter>
    </ClCompile>
    <ClCompile Include="src\App\AppData.cpp">
      <Filter>Source Files</Filter>
    </ClCompile>
    <ClCompile Include="src\GUI\Button.cpp">
      <Filter>Source Files</Filter>
    </ClCompile>
    <ClCompile Include="src\GUI\GUI_Item.cpp">
      <Filter>Source Files</Filter>
    </ClCompile>
    <ClCompile Include="src\GUI\Scrolllist.cpp">
      <Filter>Source Files</Filter>
    </ClCompile>
    <ClCompile Include="src\GUI\Slider.cpp">
      <Filter>Source Files</Filter>
    </ClCompile>
    <ClCompile Include="src\App\Screens\Homescreen.cpp">
      <Filter>Source Files</Filter>
    </ClCompile>
    <ClCompile Include="src\App\Screens\Simulationscreen.cpp">
      <Filter>Source Files</Filter>
    </ClCompile>
    <ClCompile Include="src\App\Updatefunctions.cpp">
      <Filter>Source Files</Filter>
    </ClCompile>
    <ClCompile Include="src\Tools\IO_DATA.cpp">
      <Filter>Source Files</Filter>
    </ClCompile>
    <ClCompile Include="src\App\Screens\SimulationscreenGUI\Inventory.cpp">
      <Filter>Source Files</Filter>
    </ClCompile>
    <ClCompile Include="src\App\Screens\SimulationscreenGUI\HelpMenu.cpp">
      <Filter>Source Files</Filter>
    </ClCompile>
    <ClCompile Include="src\App\Screens\SimulationscreenGUI\TopGUI.cpp">
      <Filter>Source Files</Filter>
    </ClCompile>
    <ClCompile Include="src\App\Screens\SimulationscreenGUI\InfoBox.cpp">
      <Filter>Source Files</Filter>
    </ClCompile>
    <ClCompile Include="src\App\Screens\Settingsscreen.cpp">
      <Filter>Source Files</Filter>
    </ClCompile>
  </ItemGroup>
  <ItemGroup>
    <ClInclude Include="src\App\Application.h">
      <Filter>Header Files</Filter>
    </ClInclude>
    <ClInclude Include="src\App\AppData.h">
      <Filter>Header Files</Filter>
    </ClInclude>
    <ClInclude Include="src\GUI\Button.h">
      <Filter>Header Files</Filter>
    </ClInclude>
    <ClInclude Include="src\GUI\GUI_Item.h">
      <Filter>Header Files</Filter>
    </ClInclude>
    <ClInclude Include="src\GUI\Scrolllist.h">
      <Filter>Header Files</Filter>
    </ClInclude>
    <ClInclude Include="src\GUI\Slider.h">
      <Filter>Header Files</Filter>
    </ClInclude>
    <ClInclude Include="src\App\Screens\Homescreen.h">
      <Filter>Header Files</Filter>
    </ClInclude>
    <ClInclude Include="src\App\Screens\Simulationscreen.h">
      <Filter>Header Files</Filter>
    </ClInclude>
    <ClInclude Include="src\Tools\Timer.h">
      <Filter>Header Files</Filter>
    </ClInclude>
    <ClInclude Include="src\Tools\Utils.h">
      <Filter>Header Files</Filter>
    </ClInclude>
    <ClInclude Include="src\Tools\IO_DATA.h">
      <Filter>Header Files</Filter>
    </ClInclude>
    <ClInclude Include="src\App\Screens\SimulationscreenGUI\Inventory.h">
      <Filter>Header Files</Filter>
    </ClInclude>
    <ClInclude Include="src\App\Screens\SimulationscreenGUI\HelpMenu.h">
      <Filter>Header Files</Filter>
    </ClInclude>
    <ClInclude Include="src\App\Screens\SimulationscreenGUI\TopGUI.h">
      <Filter>Header Files</Filter>
    </ClInclude>
    <ClInclude Include="src\App\Screens\SimulationscreenGUI\InfoBox.h">
      <Filter>Header Files</Filter>
    </ClInclude>
    <ClInclude Include="src\App\Screens\Settingsscreen.h">
      <Filter>Header Files</Filter>
    </ClInclude>
  </ItemGroup>
  <ItemGroup>
    <Image Include="res\images\gui_texture.png">
      <Filter>Resource Files</Filter>
    </Image>
    <Image Include="res\images\pixel_color_texture.png">
      <Filter>Resource Files</Filter>
    </Image>
    <Image Include="res\images\large_pixel_texture.png">
      <Filter>Resource Files</Filter>
    </Image>
  </ItemGroup>
  <ItemGroup>
    <None Include="res\shader\board_shader.frag" />
    <None Include="TODO.todo" />
  </ItemGroup>
  <ItemGroup>
    <Font Include="res\fonts\arial.ttf" />
  </ItemGroup>
</Project>